
Microsoft Visual Studio Solution File, Format Version 12.00
# Visual Studio Version 17
VisualStudioVersion = 17.4.33103.184
MinimumVisualStudioVersion = 10.0.40219.1
Project("{FAE04EC0-301F-11D3-BF4B-00C04F79EFBC}") = "RoutingServer", "RoutingServer\RoutingServer.csproj", "{965EE389-3EA2-4904-918B-1B8E2A9F19AF}"
EndProject
Global
	GlobalSection(SolutionConfigurationPlatforms) = preSolution
		Debug|Any CPU = Debug|Any CPU
		Release|Any CPU = Release|Any CPU
	EndGlobalSection
	GlobalSection(ProjectConfigurationPlatforms) = postSolution
		{965EE389-3EA2-4904-918B-1B8E2A9F19AF}.Debug|Any CPU.ActiveCfg = Debug|Any CPU
		{965EE389-3EA2-4904-918B-1B8E2A9F19AF}.Debug|Any CPU.Build.0 = Debug|Any CPU
		{965EE389-3EA2-4904-918B-1B8E2A9F19AF}.Release|Any CPU.ActiveCfg = Release|Any CPU
		{965EE389-3EA2-4904-918B-1B8E2A9F19AF}.Release|Any CPU.Build.0 = Release|Any CPU
	EndGlobalSection
	GlobalSection(SolutionProperties) = preSolution
		HideSolutionNode = FALSE
	EndGlobalSection
	GlobalSection(ExtensibilityGlobals) = postSolution
		SolutionGuid = {4D0C05B6-1474-4AD9-B689-FCF4E3726695}
	EndGlobalSection
EndGlobal
